
Microsoft Visual Studio Solution File, Format Version 12.00
# Visual Studio Version 17
VisualStudioVersion = 17.13.35818.85 d17.13
MinimumVisualStudioVersion = 10.0.40219.1
Project("{FAE04EC0-301F-11D3-BF4B-00C04F79EFBC}") = "modul10_103022300116", "modul10_103022300116.csproj", "{C35D329B-95C9-4C74-BFB3-B39D5CD4A166}"
EndProject
Global
	GlobalSection(SolutionConfigurationPlatforms) = preSolution
		Debug|Any CPU = Debug|Any CPU
		Release|Any CPU = Release|Any CPU
	EndGlobalSection
	GlobalSection(ProjectConfigurationPlatforms) = postSolution
		{C35D329B-95C9-4C74-BFB3-B39D5CD4A166}.Debug|Any CPU.ActiveCfg = Debug|Any CPU
		{C35D329B-95C9-4C74-BFB3-B39D5CD4A166}.Debug|Any CPU.Build.0 = Debug|Any CPU
		{C35D329B-95C9-4C74-BFB3-B39D5CD4A166}.Release|Any CPU.ActiveCfg = Release|Any CPU
		{C35D329B-95C9-4C74-BFB3-B39D5CD4A166}.Release|Any CPU.Build.0 = Release|Any CPU
	EndGlobalSection
	GlobalSection(SolutionProperties) = preSolution
		HideSolutionNode = FALSE
	EndGlobalSection
	GlobalSection(ExtensibilityGlobals) = postSolution
		SolutionGuid = {FA495D41-F525-44E6-BE85-02C6A00A42D4}
	EndGlobalSection
EndGlobal
